// !$*UTF8*$!
{
	archiveVersion = 1;
	classes = {
	};
	objectVersion = 50;
	objects = {

/* Begin PBXBuildFile section */
		4812E929235E24A0009F0E90 /* MemeCollectionViewController.swift in Sources */ = {isa = PBXBuildFile; fileRef = 4812E928235E24A0009F0E90 /* MemeCollectionViewController.swift */; };
		4812E92B235E24B2009F0E90 /* MemeTableViewController.swift in Sources */ = {isa = PBXBuildFile; fileRef = 4812E92A235E24B2009F0E90 /* MemeTableViewController.swift */; };
		4812E92D235F8B00009F0E90 /* DetailsViewController.swift in Sources */ = {isa = PBXBuildFile; fileRef = 4812E92C235F8B00009F0E90 /* DetailsViewController.swift */; };
		4812E92F235F8BAC009F0E90 /* MemeCell.swift in Sources */ = {isa = PBXBuildFile; fileRef = 4812E92E235F8BAC009F0E90 /* MemeCell.swift */; };
		4812E931235F8FF3009F0E90 /* Meme.swift in Sources */ = {isa = PBXBuildFile; fileRef = 4812E930235F8FF3009F0E90 /* Meme.swift */; };
		48D0B280234A4E1300A83810 /* AppDelegate.swift in Sources */ = {isa = PBXBuildFile; fileRef = 48D0B27F234A4E1300A83810 /* AppDelegate.swift */; };
		48D0B282234A4E1300A83810 /* ViewController.swift in Sources */ = {isa = PBXBuildFile; fileRef = 48D0B281234A4E1300A83810 /* ViewController.swift */; };
		48D0B285234A4E1300A83810 /* Main.storyboard in Resources */ = {isa = PBXBuildFile; fileRef = 48D0B283234A4E1300A83810 /* Main.storyboard */; };
		48D0B288234A4E1300A83810 /* MemeMe.xcdatamodeld in Sources */ = {isa = PBXBuildFile; fileRef = 48D0B286234A4E1300A83810 /* MemeMe.xcdatamodeld */; };
		48D0B28A234A4E1400A83810 /* Assets.xcassets in Resources */ = {isa = PBXBuildFile; fileRef = 48D0B289234A4E1400A83810 /* Assets.xcassets */; };
		48D0B28D234A4E1400A83810 /* LaunchScreen.storyboard in Resources */ = {isa = PBXBuildFile; fileRef = 48D0B28B234A4E1400A83810 /* LaunchScreen.storyboard */; };
		48D0B298234A4E1400A83810 /* MemeMeTests.swift in Sources */ = {isa = PBXBuildFile; fileRef = 48D0B297234A4E1400A83810 /* MemeMeTests.swift */; };
		48D0B2A3234A4E1400A83810 /* MemeMeUITests.swift in Sources */ = {isa = PBXBuildFile; fileRef = 48D0B2A2234A4E1400A83810 /* MemeMeUITests.swift */; };
/* End PBXBuildFile section */

/* Begin PBXContainerItemProxy section */
		48D0B294234A4E1400A83810 /* PBXContainerItemProxy */ = {
			isa = PBXContainerItemProxy;
			containerPortal = 48D0B274234A4E1300A83810 /* Project object */;
			proxyType = 1;
			remoteGlobalIDString = 48D0B27B234A4E1300A83810;
			remoteInfo = MemeMe;
		};
		48D0B29F234A4E1400A83810 /* PBXContainerItemProxy */ = {
			isa = PBXContainerItemProxy;
			containerPortal = 48D0B274234A4E1300A83810 /* Project object */;
			proxyType = 1;
			remoteGlobalIDString = 48D0B27B234A4E1300A83810;
			remoteInfo = MemeMe;
		};
/* End PBXContainerItemProxy section */

/* Begin PBXFileReference section */
		4812E928235E24A0009F0E90 /* MemeCollectionViewController.swift */ = {isa = PBXFileReference; lastKnownFileType = sourcecode.swift; path = MemeCollectionViewController.swift; sourceTree = "<group>"; };
		4812E92A235E24B2009F0E90 /* MemeTableViewController.swift */ = {isa = PBXFileReference; lastKnownFileType = sourcecode.swift; path = MemeTableViewController.swift; sourceTree = "<group>"; };
		4812E92C235F8B00009F0E90 /* DetailsViewController.swift */ = {isa = PBXFileReference; lastKnownFileType = sourcecode.swift; path = DetailsViewController.swift; sourceTree = "<group>"; };
		4812E92E235F8BAC009F0E90 /* MemeCell.swift */ = {isa = PBXFileReference; lastKnownFileType = sourcecode.swift; path = MemeCell.swift; sourceTree = "<group>"; };
		4812E930235F8FF3009F0E90 /* Meme.swift */ = {isa = PBXFileReference; lastKnownFileType = sourcecode.swift; path = Meme.swift; sourceTree = "<group>"; };
		48D0B27C234A4E1300A83810 /* MemeMe.app */ = {isa = PBXFileReference; explicitFileType = wrapper.application; includeInIndex = 0; path = MemeMe.app; sourceTree = BUILT_PRODUCTS_DIR; };
		48D0B27F234A4E1300A83810 /* AppDelegate.swift */ = {isa = PBXFileReference; lastKnownFileType = sourcecode.swift; path = AppDelegate.swift; sourceTree = "<group>"; };
		48D0B281234A4E1300A83810 /* ViewController.swift */ = {isa = PBXFileReference; lastKnownFileType = sourcecode.swift; path = ViewController.swift; sourceTree = "<group>"; };
		48D0B284234A4E1300A83810 /* Base */ = {isa = PBXFileReference; lastKnownFileType = file.storyboard; name = Base; path = Base.lproj/Main.storyboard; sourceTree = "<group>"; };
		48D0B287234A4E1300A83810 /* MemeMe.xcdatamodel */ = {isa = PBXFileReference; lastKnownFileType = wrapper.xcdatamodel; path = MemeMe.xcdatamodel; sourceTree = "<group>"; };
		48D0B289234A4E1400A83810 /* Assets.xcassets */ = {isa = PBXFileReference; lastKnownFileType = folder.assetcatalog; path = Assets.xcassets; sourceTree = "<group>"; };
		48D0B28C234A4E1400A83810 /* Base */ = {isa = PBXFileReference; lastKnownFileType = file.storyboard; name = Base; path = Base.lproj/LaunchScreen.storyboard; sourceTree = "<group>"; };
		48D0B28E234A4E1400A83810 /* Info.plist */ = {isa = PBXFileReference; lastKnownFileType = text.plist.xml; path = Info.plist; sourceTree = "<group>"; };
		48D0B293234A4E1400A83810 /* MemeMeTests.xctest */ = {isa = PBXFileReference; explicitFileType = wrapper.cfbundle; includeInIndex = 0; path = MemeMeTests.xctest; sourceTree = BUILT_PRODUCTS_DIR; };
		48D0B297234A4E1400A83810 /* MemeMeTests.swift */ = {isa = PBXFileReference; lastKnownFileType = sourcecode.swift; path = MemeMeTests.swift; sourceTree = "<group>"; };
		48D0B299234A4E1400A83810 /* Info.plist */ = {isa = PBXFileReference; lastKnownFileType = text.plist.xml; path = Info.plist; sourceTree = "<group>"; };
		48D0B29E234A4E1400A83810 /* MemeMeUITests.xctest */ = {isa = PBXFileReference; explicitFileType = wrapper.cfbundle; includeInIndex = 0; path = MemeMeUITests.xctest; sourceTree = BUILT_PRODUCTS_DIR; };
		48D0B2A2234A4E1400A83810 /* MemeMeUITests.swift */ = {isa = PBXFileReference; lastKnownFileType = sourcecode.swift; path = MemeMeUITests.swift; sourceTree = "<group>"; };
		48D0B2A4234A4E1400A83810 /* Info.plist */ = {isa = PBXFileReference; lastKnownFileType = text.plist.xml; path = Info.plist; sourceTree = "<group>"; };
/* End PBXFileReference section */

/* Begin PBXFrameworksBuildPhase section */
		48D0B279234A4E1300A83810 /* Frameworks */ = {
			isa = PBXFrameworksBuildPhase;
			buildActionMask = 2147483647;
			files = (
			);
			runOnlyForDeploymentPostprocessing = 0;
		};
		48D0B290234A4E1400A83810 /* Frameworks */ = {
			isa = PBXFrameworksBuildPhase;
			buildActionMask = 2147483647;
			files = (
			);
			runOnlyForDeploymentPostprocessing = 0;
		};
		48D0B29B234A4E1400A83810 /* Frameworks */ = {
			isa = PBXFrameworksBuildPhase;
			buildActionMask = 2147483647;
			files = (
			);
			runOnlyForDeploymentPostprocessing = 0;
		};
/* End PBXFrameworksBuildPhase section */

/* Begin PBXGroup section */
		48D0B273234A4E1300A83810 = {
			isa = PBXGroup;
			children = (
				48D0B27E234A4E1300A83810 /* MemeMe */,
				48D0B296234A4E1400A83810 /* MemeMeTests */,
				48D0B2A1234A4E1400A83810 /* MemeMeUITests */,
				48D0B27D234A4E1300A83810 /* Products */,
			);
			sourceTree = "<group>";
		};
		48D0B27D234A4E1300A83810 /* Products */ = {
			isa = PBXGroup;
			children = (
				48D0B27C234A4E1300A83810 /* MemeMe.app */,
				48D0B293234A4E1400A83810 /* MemeMeTests.xctest */,
				48D0B29E234A4E1400A83810 /* MemeMeUITests.xctest */,
			);
			name = Products;
			sourceTree = "<group>";
		};
		48D0B27E234A4E1300A83810 /* MemeMe */ = {
			isa = PBXGroup;
			children = (
				48D0B27F234A4E1300A83810 /* AppDelegate.swift */,
				48D0B281234A4E1300A83810 /* ViewController.swift */,
				4812E930235F8FF3009F0E90 /* Meme.swift */,
				4812E928235E24A0009F0E90 /* MemeCollectionViewController.swift */,
				4812E92A235E24B2009F0E90 /* MemeTableViewController.swift */,
				48D0B283234A4E1300A83810 /* Main.storyboard */,
				4812E92E235F8BAC009F0E90 /* MemeCell.swift */,
				4812E92C235F8B00009F0E90 /* DetailsViewController.swift */,
				48D0B289234A4E1400A83810 /* Assets.xcassets */,
				48D0B28B234A4E1400A83810 /* LaunchScreen.storyboard */,
				48D0B28E234A4E1400A83810 /* Info.plist */,
				48D0B286234A4E1300A83810 /* MemeMe.xcdatamodeld */,
			);
			path = MemeMe;
			sourceTree = "<group>";
		};
		48D0B296234A4E1400A83810 /* MemeMeTests */ = {
			isa = PBXGroup;
			children = (
				48D0B297234A4E1400A83810 /* MemeMeTests.swift */,
				48D0B299234A4E1400A83810 /* Info.plist */,
			);
			path = MemeMeTests;
			sourceTree = "<group>";
		};
		48D0B2A1234A4E1400A83810 /* MemeMeUITests */ = {
			isa = PBXGroup;
			children = (
				48D0B2A2234A4E1400A83810 /* MemeMeUITests.swift */,
				48D0B2A4234A4E1400A83810 /* Info.plist */,
			);
			path = MemeMeUITests;
			sourceTree = "<group>";
		};
/* End PBXGroup section */

/* Begin PBXNativeTarget section */
		48D0B27B234A4E1300A83810 /* MemeMe */ = {
			isa = PBXNativeTarget;
			buildConfigurationList = 48D0B2A7234A4E1400A83810 /* Build configuration list for PBXNativeTarget "MemeMe" */;
			buildPhases = (
				48D0B278234A4E1300A83810 /* Sources */,
				48D0B279234A4E1300A83810 /* Frameworks */,
				48D0B27A234A4E1300A83810 /* Resources */,
			);
			buildRules = (
			);
			dependencies = (
			);
			name = MemeMe;
			productName = MemeMe;
			productReference = 48D0B27C234A4E1300A83810 /* MemeMe.app */;
			productType = "com.apple.product-type.application";
		};
		48D0B292234A4E1400A83810 /* MemeMeTests */ = {
			isa = PBXNativeTarget;
			buildConfigurationList = 48D0B2AA234A4E1400A83810 /* Build configuration list for PBXNativeTarget "MemeMeTests" */;
			buildPhases = (
				48D0B28F234A4E1400A83810 /* Sources */,
				48D0B290234A4E1400A83810 /* Frameworks */,
				48D0B291234A4E1400A83810 /* Resources */,
			);
			buildRules = (
			);
			dependencies = (
				48D0B295234A4E1400A83810 /* PBXTargetDependency */,
			);
			name = MemeMeTests;
			productName = MemeMeTests;
			productReference = 48D0B293234A4E1400A83810 /* MemeMeTests.xctest */;
			productType = "com.apple.product-type.bundle.unit-test";
		};
		48D0B29D234A4E1400A83810 /* MemeMeUITests */ = {
			isa = PBXNativeTarget;
			buildConfigurationList = 48D0B2AD234A4E1400A83810 /* Build configuration list for PBXNativeTarget "MemeMeUITests" */;
			buildPhases = (
				48D0B29A234A4E1400A83810 /* Sources */,
				48D0B29B234A4E1400A83810 /* Frameworks */,
				48D0B29C234A4E1400A83810 /* Resources */,
			);
			buildRules = (
			);
			dependencies = (
				48D0B2A0234A4E1400A83810 /* PBXTargetDependency */,
			);
			name = MemeMeUITests;
			productName = MemeMeUITests;
			productReference = 48D0B29E234A4E1400A83810 /* MemeMeUITests.xctest */;
			productType = "com.apple.product-type.bundle.ui-testing";
		};
/* End PBXNativeTarget section */

/* Begin PBXProject section */
		48D0B274234A4E1300A83810 /* Project object */ = {
			isa = PBXProject;
			attributes = {
				LastSwiftUpdateCheck = 1030;
				LastUpgradeCheck = 1030;
				ORGANIZATIONNAME = Udacity;
				TargetAttributes = {
					48D0B27B234A4E1300A83810 = {
						CreatedOnToolsVersion = 10.3;
					};
					48D0B292234A4E1400A83810 = {
						CreatedOnToolsVersion = 10.3;
						TestTargetID = 48D0B27B234A4E1300A83810;
					};
					48D0B29D234A4E1400A83810 = {
						CreatedOnToolsVersion = 10.3;
						TestTargetID = 48D0B27B234A4E1300A83810;
					};
				};
			};
			buildConfigurationList = 48D0B277234A4E1300A83810 /* Build configuration list for PBXProject "MemeMe" */;
			compatibilityVersion = "Xcode 9.3";
			developmentRegion = en;
			hasScannedForEncodings = 0;
			knownRegions = (
				en,
				Base,
			);
			mainGroup = 48D0B273234A4E1300A83810;
			productRefGroup = 48D0B27D234A4E1300A83810 /* Products */;
			projectDirPath = "";
			projectRoot = "";
			targets = (
				48D0B27B234A4E1300A83810 /* MemeMe */,
				48D0B292234A4E1400A83810 /* MemeMeTests */,
				48D0B29D234A4E1400A83810 /* MemeMeUITests */,
			);
		};
/* End PBXProject section */

/* Begin PBXResourcesBuildPhase section */
		48D0B27A234A4E1300A83810 /* Resources */ = {
			isa = PBXResourcesBuildPhase;
			buildActionMask = 2147483647;
			files = (
				48D0B28D234A4E1400A83810 /* LaunchScreen.storyboard in Resources */,
				48D0B28A234A4E1400A83810 /* Assets.xcassets in Resources */,
				48D0B285234A4E1300A83810 /* Main.storyboard in Resources */,
			);
			runOnlyForDeploymentPostprocessing = 0;
		};
		48D0B291234A4E1400A83810 /* Resources */ = {
			isa = PBXResourcesBuildPhase;
			buildActionMask = 2147483647;
			files = (
			);
			runOnlyForDeploymentPostprocessing = 0;
		};
		48D0B29C234A4E1400A83810 /* Resources */ = {
			isa = PBXResourcesBuildPhase;
			buildActionMask = 2147483647;
			files = (
			);
			runOnlyForDeploymentPostprocessing = 0;
		};
/* End PBXResourcesBuildPhase section */

/* Begin PBXSourcesBuildPhase section */
		48D0B278234A4E1300A83810 /* Sources */ = {
			isa = PBXSourcesBuildPhase;
			buildActionMask = 2147483647;
			files = (
				4812E929235E24A0009F0E90 /* MemeCollectionViewController.swift in Sources */,
				4812E931235F8FF3009F0E90 /* Meme.swift in Sources */,
				4812E92F235F8BAC009F0E90 /* MemeCell.swift in Sources */,
				48D0B288234A4E1300A83810 /* MemeMe.xcdatamodeld in Sources */,
				48D0B282234A4E1300A83810 /* ViewController.swift in Sources */,
				4812E92B235E24B2009F0E90 /* MemeTableViewController.swift in Sources */,
				48D0B280234A4E1300A83810 /* AppDelegate.swift in Sources */,
				4812E92D235F8B00009F0E90 /* DetailsViewController.swift in Sources */,
			);
			runOnlyForDeploymentPostprocessing = 0;
		};
		48D0B28F234A4E1400A83810 /* Sources */ = {
			isa = PBXSourcesBuildPhase;
			buildActionMask = 2147483647;
			files = (
				48D0B298234A4E1400A83810 /* MemeMeTests.swift in Sources */,
			);
			runOnlyForDeploymentPostprocessing = 0;
		};
		48D0B29A234A4E1400A83810 /* Sources */ = {
			isa = PBXSourcesBuildPhase;
			buildActionMask = 2147483647;
			files = (
				48D0B2A3234A4E1400A83810 /* MemeMeUITests.swift in Sources */,
			);
			runOnlyForDeploymentPostprocessing = 0;
		};
/* End PBXSourcesBuildPhase section */

/* Begin PBXTargetDependency section */
		48D0B295234A4E1400A83810 /* PBXTargetDependency */ = {
			isa = PBXTargetDependency;
			target = 48D0B27B234A4E1300A83810 /* MemeMe */;
			targetProxy = 48D0B294234A4E1400A83810 /* PBXContainerItemProxy */;
		};
		48D0B2A0234A4E1400A83810 /* PBXTargetDependency */ = {
			isa = PBXTargetDependency;
			target = 48D0B27B234A4E1300A83810 /* MemeMe */;
			targetProxy = 48D0B29F234A4E1400A83810 /* PBXContainerItemProxy */;
		};
/* End PBXTargetDependency section */

/* Begin PBXVariantGroup section */
		48D0B283234A4E1300A83810 /* Main.storyboard */ = {
			isa = PBXVariantGroup;
			children = (
				48D0B284234A4E1300A83810 /* Base */,
			);
			name = Main.storyboard;
			sourceTree = "<group>";
		};
		48D0B28B234A4E1400A83810 /* LaunchScreen.storyboard */ = {
			isa = PBXVariantGroup;
			children = (
				48D0B28C234A4E1400A83810 /* Base */,
			);
			name = LaunchScreen.storyboard;
			sourceTree = "<group>";
		};
/* End PBXVariantGroup section */

/* Begin XCBuildConfiguration section */
		48D0B2A5234A4E1400A83810 /* Debug */ = {
			isa = XCBuildConfiguration;
			buildSettings = {
				ALWAYS_SEARCH_USER_PATHS = NO;
				CLANG_ANALYZER_NONNULL = YES;
				CLANG_ANALYZER_NUMBER_OBJECT_CONVERSION = YES_AGGRESSIVE;
				CLANG_CXX_LANGUAGE_STANDARD = "gnu++14";
				CLANG_CXX_LIBRARY = "libc++";
				CLANG_ENABLE_MODULES = YES;
				CLANG_ENABLE_OBJC_ARC = YES;
				CLANG_ENABLE_OBJC_WEAK = YES;
				CLANG_WARN_BLOCK_CAPTURE_AUTORELEASING = YES;
				CLANG_WARN_BOOL_CONVERSION = YES;
				CLANG_WARN_COMMA = YES;
				CLANG_WARN_CONSTANT_CONVERSION = YES;
				CLANG_WARN_DEPRECATED_OBJC_IMPLEMENTATIONS = YES;
				CLANG_WARN_DIRECT_OBJC_ISA_USAGE = YES_ERROR;
				CLANG_WARN_DOCUMENTATION_COMMENTS = YES;
				CLANG_WARN_EMPTY_BODY = YES;
				CLANG_WARN_ENUM_CONVERSION = YES;
				CLANG_WARN_INFINITE_RECURSION = YES;
				CLANG_WARN_INT_CONVERSION = YES;
				CLANG_WARN_NON_LITERAL_NULL_CONVERSION = YES;
				CLANG_WARN_OBJC_IMPLICIT_RETAIN_SELF = YES;
				CLANG_WARN_OBJC_LITERAL_CONVERSION = YES;
				CLANG_WARN_OBJC_ROOT_CLASS = YES_ERROR;
				CLANG_WARN_RANGE_LOOP_ANALYSIS = YES;
				CLANG_WARN_STRICT_PROTOTYPES = YES;
				CLANG_WARN_SUSPICIOUS_MOVE = YES;
				CLANG_WARN_UNGUARDED_AVAILABILITY = YES_AGGRESSIVE;
				CLANG_WARN_UNREACHABLE_CODE = YES;
				CLANG_WARN__DUPLICATE_METHOD_MATCH = YES;
				CODE_SIGN_IDENTITY = "iPhone Developer";
				COPY_PHASE_STRIP = NO;
				DEBUG_INFORMATION_FORMAT = dwarf;
				ENABLE_STRICT_OBJC_MSGSEND = YES;
				ENABLE_TESTABILITY = YES;
				GCC_C_LANGUAGE_STANDARD = gnu11;
				GCC_DYNAMIC_NO_PIC = NO;
				GCC_NO_COMMON_BLOCKS = YES;
				GCC_OPTIMIZATION_LEVEL = 0;
				GCC_PREPROCESSOR_DEFINITIONS = (
					"DEBUG=1",
					"$(inherited)",
				);
				GCC_WARN_64_TO_32_BIT_CONVERSION = YES;
				GCC_WARN_ABOUT_RETURN_TYPE = YES_ERROR;
				GCC_WARN_UNDECLARED_SELECTOR = YES;
				GCC_WARN_UNINITIALIZED_AUTOS = YES_AGGRESSIVE;
				GCC_WARN_UNUSED_FUNCTION = YES;
				GCC_WARN_UNUSED_VARIABLE = YES;
				IPHONEOS_DEPLOYMENT_TARGET = 12.4;
				MTL_ENABLE_DEBUG_INFO = INCLUDE_SOURCE;
				MTL_FAST_MATH = YES;
				ONLY_ACTIVE_ARCH = YES;
				SDKROOT = iphoneos;
				SWIFT_ACTIVE_COMPILATION_CONDITIONS = DEBUG;
				SWIFT_OPTIMIZATION_LEVEL = "-Onone";
			};
			name = Debug;
		};
		48D0B2A6234A4E1400A83810 /* Release */ = {
			isa = XCBuildConfiguration;
			buildSettings = {
				ALWAYS_SEARCH_USER_PATHS = NO;
				CLANG_ANALYZER_NONNULL = YES;
				CLANG_ANALYZER_NUMBER_OBJECT_CONVERSION = YES_AGGRESSIVE;
				CLANG_CXX_LANGUAGE_STANDARD = "gnu++14";
				CLANG_CXX_LIBRARY = "libc++";
				CLANG_ENABLE_MODULES = YES;
				CLANG_ENABLE_OBJC_ARC = YES;
				CLANG_ENABLE_OBJC_WEAK = YES;
				CLANG_WARN_BLOCK_CAPTURE_AUTORELEASING = YES;
				CLANG_WARN_BOOL_CONVERSION = YES;
				CLANG_WARN_COMMA = YES;
				CLANG_WARN_CONSTANT_CONVERSION = YES;
				CLANG_WARN_DEPRECATED_OBJC_IMPLEMENTATIONS = YES;
				CLANG_WARN_DIRECT_OBJC_ISA_USAGE = YES_ERROR;
				CLANG_WARN_DOCUMENTATION_COMMENTS = YES;
				CLANG_WARN_EMPTY_BODY = YES;
				CLANG_WARN_ENUM_CONVERSION = YES;
				CLANG_WARN_INFINITE_RECURSION = YES;
				CLANG_WARN_INT_CONVERSION = YES;
				CLANG_WARN_NON_LITERAL_NULL_CONVERSION = YES;
				CLANG_WARN_OBJC_IMPLICIT_RETAIN_SELF = YES;
				CLANG_WARN_OBJC_LITERAL_CONVERSION = YES;
				CLANG_WARN_OBJC_ROOT_CLASS = YES_ERROR;
				CLANG_WARN_RANGE_LOOP_ANALYSIS = YES;
				CLANG_WARN_STRICT_PROTOTYPES = YES;
				CLANG_WARN_SUSPICIOUS_MOVE = YES;
				CLANG_WARN_UNGUARDED_AVAILABILITY = YES_AGGRESSIVE;
				CLANG_WARN_UNREACHABLE_CODE = YES;
				CLANG_WARN__DUPLICATE_METHOD_MATCH = YES;
				CODE_SIGN_IDENTITY = "iPhone Developer";
				COPY_PHASE_STRIP = NO;
				DEBUG_INFORMATION_FORMAT = "dwarf-with-dsym";
				ENABLE_NS_ASSERTIONS = NO;
				ENABLE_STRICT_OBJC_MSGSEND = YES;
				GCC_C_LANGUAGE_STANDARD = gnu11;
				GCC_NO_COMMON_BLOCKS = YES;
				GCC_WARN_64_TO_32_BIT_CONVERSION = YES;
				GCC_WARN_ABOUT_RETURN_TYPE = YES_ERROR;
				GCC_WARN_UNDECLARED_SELECTOR = YES;
				GCC_WARN_UNINITIALIZED_AUTOS = YES_AGGRESSIVE;
				GCC_WARN_UNUSED_FUNCTION = YES;
				GCC_WARN_UNUSED_VARIABLE = YES;
				IPHONEOS_DEPLOYMENT_TARGET = 12.4;
				MTL_ENABLE_DEBUG_INFO = NO;
				MTL_FAST_MATH = YES;
				SDKROOT = iphoneos;
				SWIFT_COMPILATION_MODE = wholemodule;
				SWIFT_OPTIMIZATION_LEVEL = "-O";
				VALIDATE_PRODUCT = YES;
			};
			name = Release;
		};
		48D0B2A8234A4E1400A83810 /* Debug */ = {
			isa = XCBuildConfiguration;
			buildSettings = {
				ASSETCATALOG_COMPILER_APPICON_NAME = AppIcon;
				CODE_SIGN_STYLE = Automatic;
				INFOPLIST_FILE = MemeMe/Info.plist;
				LD_RUNPATH_SEARCH_PATHS = (
					"$(inherited)",
					"@executable_path/Frameworks",
				);
				PRODUCT_BUNDLE_IDENTIFIER = com.udacity.MemeMe;
				PRODUCT_NAME = "$(TARGET_NAME)";
				SWIFT_VERSION = 5.0;
				TARGETED_DEVICE_FAMILY = "1,2";
			};
			name = Debug;
		};
		48D0B2A9234A4E1400A83810 /* Release */ = {
			isa = XCBuildConfiguration;
			buildSettings = {
				ASSETCATALOG_COMPILER_APPICON_NAME = AppIcon;
				CODE_SIGN_STYLE = Automatic;
				INFOPLIST_FILE = MemeMe/Info.plist;
				LD_RUNPATH_SEARCH_PATHS = (
					"$(inherited)",
					"@executable_path/Frameworks",
				);
				PRODUCT_BUNDLE_IDENTIFIER = com.udacity.MemeMe;
				PRODUCT_NAME = "$(TARGET_NAME)";
				SWIFT_VERSION = 5.0;
				TARGETED_DEVICE_FAMILY = "1,2";
			};
			name = Release;
		};
		48D0B2AB234A4E1400A83810 /* Debug */ = {
			isa = XCBuildConfiguration;
			buildSettings = {
				ALWAYS_EMBED_SWIFT_STANDARD_LIBRARIES = YES;
				BUNDLE_LOADER = "$(TEST_HOST)";
				CODE_SIGN_STYLE = Automatic;
				INFOPLIST_FILE = MemeMeTests/Info.plist;
				LD_RUNPATH_SEARCH_PATHS = (
					"$(inherited)",
					"@executable_path/Frameworks",
					"@loader_path/Frameworks",
				);
				PRODUCT_BUNDLE_IDENTIFIER = com.udacity.MemeMeTests;
				PRODUCT_NAME = "$(TARGET_NAME)";
				SWIFT_VERSION = 5.0;
				TARGETED_DEVICE_FAMILY = "1,2";
				TEST_HOST = "$(BUILT_PRODUCTS_DIR)/MemeMe.app/MemeMe";
			};
			name = Debug;
		};
		48D0B2AC234A4E1400A83810 /* Release */ = {
			isa = XCBuildConfiguration;
			buildSettings = {
				ALWAYS_EMBED_SWIFT_STANDARD_LIBRARIES = YES;
				BUNDLE_LOADER = "$(TEST_HOST)";
				CODE_SIGN_STYLE = Automatic;
				INFOPLIST_FILE = MemeMeTests/Info.plist;
				LD_RUNPATH_SEARCH_PATHS = (
					"$(inherited)",
					"@executable_path/Frameworks",
					"@loader_path/Frameworks",
				);
				PRODUCT_BUNDLE_IDENTIFIER = com.udacity.MemeMeTests;
				PRODUCT_NAME = "$(TARGET_NAME)";
				SWIFT_VERSION = 5.0;
				TARGETED_DEVICE_FAMILY = "1,2";
				TEST_HOST = "$(BUILT_PRODUCTS_DIR)/MemeMe.app/MemeMe";
			};
			name = Release;
		};
		48D0B2AE234A4E1400A83810 /* Debug */ = {
			isa = XCBuildConfiguration;
			buildSettings = {
				ALWAYS_EMBED_SWIFT_STANDARD_LIBRARIES = YES;
				CODE_SIGN_STYLE = Automatic;
				INFOPLIST_FILE = MemeMeUITests/Info.plist;
				LD_RUNPATH_SEARCH_PATHS = (
					"$(inherited)",
					"@executable_path/Frameworks",
					"@loader_path/Frameworks",
				);
				PRODUCT_BUNDLE_IDENTIFIER = com.udacity.MemeMeUITests;
				PRODUCT_NAME = "$(TARGET_NAME)";
				SWIFT_VERSION = 5.0;
				TARGETED_DEVICE_FAMILY = "1,2";
				TEST_TARGET_NAME = MemeMe;
			};
			name = Debug;
		};
		48D0B2AF234A4E1400A83810 /* Release */ = {
			isa = XCBuildConfiguration;
			buildSettings = {
				ALWAYS_EMBED_SWIFT_STANDARD_LIBRARIES = YES;
				CODE_SIGN_STYLE = Automatic;
				INFOPLIST_FILE = MemeMeUITests/Info.plist;
				LD_RUNPATH_SEARCH_PATHS = (
					"$(inherited)",
					"@executable_path/Frameworks",
					"@loader_path/Frameworks",
				);
				PRODUCT_BUNDLE_IDENTIFIER = com.udacity.MemeMeUITests;
				PRODUCT_NAME = "$(TARGET_NAME)";
				SWIFT_VERSION = 5.0;
				TARGETED_DEVICE_FAMILY = "1,2";
				TEST_TARGET_NAME = MemeMe;
			};
			name = Release;
		};
/* End XCBuildConfiguration section */

/* Begin XCConfigurationList section */
		48D0B277234A4E1300A83810 /* Build configuration list for PBXProject "MemeMe" */ = {
			isa = XCConfigurationList;
			buildConfigurations = (
				48D0B2A5234A4E1400A83810 /* Debug */,
				48D0B2A6234A4E1400A83810 /* Release */,
			);
			defaultConfigurationIsVisible = 0;
			defaultConfigurationName = Release;
		};
		48D0B2A7234A4E1400A83810 /* Build configuration list for PBXNativeTarget "MemeMe" */ = {
			isa = XCConfigurationList;
			buildConfigurations = (
				48D0B2A8234A4E1400A83810 /* Debug */,
				48D0B2A9234A4E1400A83810 /* Release */,
			);
			defaultConfigurationIsVisible = 0;
			defaultConfigurationName = Release;
		};
		48D0B2AA234A4E1400A83810 /* Build configuration list for PBXNativeTarget "MemeMeTests" */ = {
			isa = XCConfigurationList;
			buildConfigurations = (
				48D0B2AB234A4E1400A83810 /* Debug */,
				48D0B2AC234A4E1400A83810 /* Release */,
			);
			defaultConfigurationIsVisible = 0;
			defaultConfigurationName = Release;
		};
		48D0B2AD234A4E1400A83810 /* Build configuration list for PBXNativeTarget "MemeMeUITests" */ = {
			isa = XCConfigurationList;
			buildConfigurations = (
				48D0B2AE234A4E1400A83810 /* Debug */,
				48D0B2AF234A4E1400A83810 /* Release */,
			);
			defaultConfigurationIsVisible = 0;
			defaultConfigurationName = Release;
		};
/* End XCConfigurationList section */

/* Begin XCVersionGroup section */
		48D0B286234A4E1300A83810 /* MemeMe.xcdatamodeld */ = {
			isa = XCVersionGroup;
			children = (
				48D0B287234A4E1300A83810 /* MemeMe.xcdatamodel */,
			);
			currentVersion = 48D0B287234A4E1300A83810 /* MemeMe.xcdatamodel */;
			path = MemeMe.xcdatamodeld;
			sourceTree = "<group>";
			versionGroupType = wrapper.xcdatamodel;
		};
/* End XCVersionGroup section */
	};
	rootObject = 48D0B274234A4E1300A83810 /* Project object */;
}
